schema: '2.0'
stages:
  preprocess:
    cmd: python src/preprocess.py
    deps:
    - path: data/raw/data.csv
      hash: md5
      md5: 02b8e4444282f6eb2724739c589ba776
      size: 172
    - path: src/preprocess.py
      hash: md5
      md5: 3708dd9065a5318bed060bc38beeaf47
      size: 269
    outs:
    - path: data/processed/processed.csv
      hash: md5
      md5: c718ca90ef474ee9024365c2455db9f4
      size: 174
  train:
    cmd: python src/train.py
    deps:
    - path: data/processed/processed.csv
      hash: md5
      md5: c718ca90ef474ee9024365c2455db9f4
      size: 174
    - path: src/train.py
      hash: md5
      md5: c727389c672e9e5f632fee5e2428649b
      size: 914
    outs:
    - path: models/model.pkl
      hash: md5
      md5: 2c24a969b2b3c6326bfcde3a45110ff7
      size: 57929
  evaluate:
    cmd: python src/evaluate.py
    deps:
    - path: models/model.pkl
      hash: md5
      md5: 2c24a969b2b3c6326bfcde3a45110ff7
      size: 57929
    - path: src/evaluate.py
      hash: md5
      md5: 40f10f4ab55094d7b3ff0bc02500c0a4
      size: 835
